<?xml version="1.0" encoding="utf-8"?>
<Project ToolsVersion="4.0" xmlns="http://schemas.microsoft.com/developer/msbuild/2003">
  <ItemGroup>
    <Filter Include="lib">
      <UniqueIdentifier>{192dc596-fc9e-4f3e-8cd6-62814d1cff33}</UniqueIdentifier>
    </Filter>
    <Filter Include="src">
      <UniqueIdentifier>{be06a446-a560-48eb-8597-80da19bfc0aa}</UniqueIdentifier>
    </Filter>
    <Filter Include="lib\glfw">
      <UniqueIdentifier>{bd9cb381-1f82-42d4-801c-796ed5418a40}</UniqueIdentifier>
    </Filter>
    <Filter Include="lib\imgui">
      <UniqueIdentifier>{e72f6129-871b-4a5b-a9cc-8ec10b9b16db}</UniqueIdentifier>
    </Filter>
    <Filter Include="lib\json">
      <UniqueIdentifier>{5edd5298-4cf3-4fbf-93b3-1cb2c4bcb99f}</UniqueIdentifier>
    </Filter>
    <Filter Include="lib\xor">
      <UniqueIdentifier>{5021c0ef-4860-41db-bbf3-f1410e629e0d}</UniqueIdentifier>
    </Filter>
    <Filter Include="lib\glfw\include">
      <UniqueIdentifier>{39a32d83-7044-4904-a185-01e73bdffd98}</UniqueIdentifier>
    </Filter>
    <Filter Include="lib\glfw\lib">
      <UniqueIdentifier>{5dbf9581-6ce2-4578-877a-a1c0f3fe7cba}</UniqueIdentifier>
    </Filter>
    <Filter Include="src\features">
      <UniqueIdentifier>{4411d6aa-7fac-4453-b75f-a8149f05d06a}</UniqueIdentifier>
    </Filter>
    <Filter Include="src\helpers">
      <UniqueIdentifier>{2500626e-8d64-4766-8fe6-42d78c29e8c6}</UniqueIdentifier>
    </Filter>
    <Filter Include="src\sdk">
      <UniqueIdentifier>{2f29c675-8bcc-4842-b9e8-34cc53e56b06}</UniqueIdentifier>
    </Filter>
    <Filter Include="src\settings">
      <UniqueIdentifier>{bc8eb6aa-6d06-4e09-9407-640c7959acbf}</UniqueIdentifier>
    </Filter>
  </ItemGroup>
  <ItemGroup>
    <ClCompile Include="main.cpp">
      <Filter>src</Filter>
    </ClCompile>
    <ClCompile Include="menu.cpp">
      <Filter>src</Filter>
    </ClCompile>
    <ClCompile Include="..\lib\imgui\imgui.cpp">
      <Filter>lib\imgui</Filter>
    </ClCompile>
    <ClCompile Include="..\lib\imgui\imgui_demo.cpp">
      <Filter>lib\imgui</Filter>
    </ClCompile>
    <ClCompile Include="..\lib\imgui\imgui_draw.cpp">
      <Filter>lib\imgui</Filter>
    </ClCompile>
    <ClCompile Include="..\lib\imgui\imgui_impl_dx9.cpp">
      <Filter>lib\imgui</Filter>
    </ClCompile>
    <ClCompile Include="..\lib\imgui\imgui_impl_glfw.cpp">
      <Filter>lib\imgui</Filter>
    </ClCompile>
    <ClCompile Include="..\lib\imgui\imgui_impl_opengl2.cpp">
      <Filter>lib\imgui</Filter>
    </ClCompile>
    <ClCompile Include="..\lib\imgui\imgui_impl_win32.cpp">
      <Filter>lib\imgui</Filter>
    </ClCompile>
    <ClCompile Include="..\lib\imgui\imgui_widgets.cpp">
      <Filter>lib\imgui</Filter>
    </ClCompile>
    <ClCompile Include="features\legit.cpp">
      <Filter>src\features</Filter>
    </ClCompile>
    <ClCompile Include="features\misc.cpp">
      <Filter>src\features</Filter>
    </ClCompile>
    <ClCompile Include="features\visuals.cpp">
      <Filter>src\features</Filter>
    </ClCompile>
    <ClCompile Include="helpers\offsets.cpp">
      <Filter>src\helpers</Filter>
    </ClCompile>
    <ClCompile Include="helpers\utils.cpp">
      <Filter>src\helpers</Filter>
    </ClCompile>
    <ClCompile Include="sdk\CBaseEntity.cpp">
      <Filter>src\sdk</Filter>
    </ClCompile>
    <ClCompile Include="sdk\CClient.cpp">
      <Filter>src\sdk</Filter>
    </ClCompile>
    <ClCompile Include="sdk\CEngine.cpp">
      <Filter>src\sdk</Filter>
    </ClCompile>
    <ClCompile Include="sdk\CEntity.cpp">
      <Filter>src\sdk</Filter>
    </ClCompile>
    <ClCompile Include="sdk\CWeaponEntity.cpp">
      <Filter>src\sdk</Filter>
    </ClCompile>
    <ClCompile Include="helpers\Memory.cpp">
      <Filter>src\helpers</Filter>
    </ClCompile>
  </ItemGroup>
  <ItemGroup>
    <ClInclude Include="menu.hpp">
      <Filter>src</Filter>
    </ClInclude>
    <ClInclude Include="..\lib\xor\xor.hpp">
      <Filter>lib\xor</Filter>
    </ClInclude>
    <ClInclude Include="..\lib\json\json.hpp">
      <Filter>lib\json</Filter>
    </ClInclude>
    <ClInclude Include="..\lib\imgui\imconfig.h">
      <Filter>lib\imgui</Filter>
    </ClInclude>
    <ClInclude Include="..\lib\imgui\imgui.h">
      <Filter>lib\imgui</Filter>
    </ClInclude>
    <ClInclude Include="..\lib\imgui\imgui_impl_dx9.h">
      <Filter>lib\imgui</Filter>
    </ClInclude>
    <ClInclude Include="..\lib\imgui\imgui_impl_glfw.h">
      <Filter>lib\imgui</Filter>
    </ClInclude>
    <ClInclude Include="..\lib\imgui\imgui_impl_opengl2.h">
      <Filter>lib\imgui</Filter>
    </ClInclude>
    <ClInclude Include="..\lib\imgui\imgui_impl_win32.h">
      <Filter>lib\imgui</Filter>
    </ClInclude>
    <ClInclude Include="..\lib\imgui\imgui_internal.h">
      <Filter>lib\imgui</Filter>
    </ClInclude>
    <ClInclude Include="..\lib\imgui\imstb_rectpack.h">
      <Filter>lib\imgui</Filter>
    </ClInclude>
    <ClInclude Include="..\lib\imgui\imstb_textedit.h">
      <Filter>lib\imgui</Filter>
    </ClInclude>
    <ClInclude Include="..\lib\imgui\imstb_truetype.h">
      <Filter>lib\imgui</Filter>
    </ClInclude>
    <ClInclude Include="..\lib\glfw\include\glfw3.hpp">
      <Filter>lib\glfw\include</Filter>
    </ClInclude>
    <ClInclude Include="..\lib\glfw\include\glfw3native.hpp">
      <Filter>lib\glfw\include</Filter>
    </ClInclude>
    <ClInclude Include="features\features.hpp">
      <Filter>src\features</Filter>
    </ClInclude>
    <ClInclude Include="helpers\offsets.hpp">
      <Filter>src\helpers</Filter>
    </ClInclude>
    <ClInclude Include="helpers\utils.hpp">
      <Filter>src\helpers</Filter>
    </ClInclude>
    <ClInclude Include="settings\globals.hpp">
      <Filter>src\settings</Filter>
    </ClInclude>
    <ClInclude Include="settings\options.hpp">
      <Filter>src\settings</Filter>
    </ClInclude>
    <ClInclude Include="sdk\CBaseEntity.hpp">
      <Filter>src\sdk</Filter>
    </ClInclude>
    <ClInclude Include="sdk\CClient.hpp">
      <Filter>src\sdk</Filter>
    </ClInclude>
    <ClInclude Include="sdk\CEngine.hpp">
      <Filter>src\sdk</Filter>
    </ClInclude>
    <ClInclude Include="sdk\CEntity.hpp">
      <Filter>src\sdk</Filter>
    </ClInclude>
    <ClInclude Include="sdk\Color.hpp">
      <Filter>src\sdk</Filter>
    </ClInclude>
    <ClInclude Include="sdk\CWeaponEntity.hpp">
      <Filter>src\sdk</Filter>
    </ClInclude>
    <ClInclude Include="sdk\DefEnums.hpp">
      <Filter>src\sdk</Filter>
    </ClInclude>
    <ClInclude Include="sdk\Structs.hpp">
      <Filter>src\sdk</Filter>
    </ClInclude>
    <ClInclude Include="sdk\Vector.hpp">
      <Filter>src\sdk</Filter>
    </ClInclude>
    <ClInclude Include="helpers\Memory.hpp">
      <Filter>src\helpers</Filter>
    </ClInclude>
  </ItemGroup>
  <ItemGroup>
    <Library Include="..\lib\glfw\lib\glfw3.lib">
      <Filter>lib\glfw\lib</Filter>
    </Library>
  </ItemGroup>
  <ItemGroup>
    <None Include="..\README.md" />
  </ItemGroup>
</Project>